<?xml version="1.0" encoding="utf-8"?>
<Project xmlns="http://schemas.microsoft.com/developer/msbuild/2003">
  <ItemGroup>
    <Filter Include="Form Files">
      <UniqueIdentifier>{99349809-55BA-4b9d-BF79-8FDBB0286EB3}</UniqueIdentifier>
      <Extensions>ui</Extensions>
      <ParseFiles>false</ParseFiles>
    </Filter>
    <Filter Include="Form Files">
      <UniqueIdentifier>{99349809-55BA-4b9d-BF79-8FDBB0286EB3}</UniqueIdentifier>
      <Extensions>ui</Extensions>
      <ParseFiles>false</ParseFiles>
    </Filter>
    <Filter Include="Generated Files">
      <UniqueIdentifier>{71ED8ED8-ACB9-4CE9-BBE1-E00B30144E11}</UniqueIdentifier>
      <Extensions>cpp;c;cxx;moc;h;def;odl;idl;res;</Extensions>
    </Filter>
    <Filter Include="Generated Files">
      <UniqueIdentifier>{71ED8ED8-ACB9-4CE9-BBE1-E00B30144E11}</UniqueIdentifier>
      <Extensions>cpp;c;cxx;moc;h;def;odl;idl;res;</Extensions>
    </Filter>
    <Filter Include="Header Files">
      <UniqueIdentifier>{93995380-89BD-4b04-88EB-625FBE52EBFB}</UniqueIdentifier>
      <Extensions>h;hpp;hxx;hm;inl;inc;xsd</Extensions>
    </Filter>
    <Filter Include="Header Files">
      <UniqueIdentifier>{93995380-89BD-4b04-88EB-625FBE52EBFB}</UniqueIdentifier>
      <Extensions>h;hpp;hxx;hm;inl;inc;xsd</Extensions>
    </Filter>
    <Filter Include="Resource Files">
      <UniqueIdentifier>{D9D6E242-F8AF-46E4-B9FD-80ECBC20BA3E}</UniqueIdentifier>
      <Extensions>qrc;*</Extensions>
      <ParseFiles>false</ParseFiles>
    </Filter>
    <Filter Include="Resource Files">
      <UniqueIdentifier>{D9D6E242-F8AF-46E4-B9FD-80ECBC20BA3E}</UniqueIdentifier>
      <Extensions>qrc;*</Extensions>
      <ParseFiles>false</ParseFiles>
    </Filter>
    <Filter Include="Source Files">
      <UniqueIdentifier>{4FC737F1-C7A5-4376-A066-2A32D752A2FF}</UniqueIdentifier>
      <Extensions>cpp;c;cxx;def;odl;idl;hpj;bat;asm;asmx</Extensions>
    </Filter>
    <Filter Include="Source Files">
      <UniqueIdentifier>{4FC737F1-C7A5-4376-A066-2A32D752A2FF}</UniqueIdentifier>
      <Extensions>cpp;c;cxx;def;odl;idl;hpj;bat;asm;asmx</Extensions>
    </Filter>
  </ItemGroup>
  <ItemGroup>
    <ClCompile Include="cloudmusicwindow.cpp">
      <Filter>Source Files</Filter>
    </ClCompile>
    <ClCompile Include="main.cpp">
      <Filter>Source Files</Filter>
    </ClCompile>
    <ClCompile Include="MusicHandle\musicalbum.cpp">
      <Filter>Source Files</Filter>
    </ClCompile>
    <ClCompile Include="musichttp.cpp">
      <Filter>Source Files</Filter>
    </ClCompile>
    <ClCompile Include="musichttpurl.cpp">
      <Filter>Source Files</Filter>
    </ClCompile>
    <ClCompile Include="musicinformation.cpp">
      <Filter>Source Files</Filter>
    </ClCompile>
    <ClCompile Include="musicitem.cpp">
      <Filter>Source Files</Filter>
    </ClCompile>
    <ClCompile Include="MusicHandle\musiclyric.cpp">
      <Filter>Source Files</Filter>
    </ClCompile>
    <ClCompile Include="musicplayer.cpp">
      <Filter>Source Files</Filter>
    </ClCompile>
    <ClCompile Include="musicscene.cpp">
      <Filter>Source Files</Filter>
    </ClCompile>
    <ClCompile Include="MusicHandle\musicsearch.cpp">
      <Filter>Source Files</Filter>
    </ClCompile>
  </ItemGroup>
  <ItemGroup>
    <QtMoc Include="cloudmusicwindow.h">
      <Filter>Header Files</Filter>
    </QtMoc>
    <QtMoc Include="MusicHandle\musicalbum.h">
      <Filter>Header Files</Filter>
    </QtMoc>
    <QtMoc Include="musichttp.h">
      <Filter>Header Files</Filter>
    </QtMoc>
    <QtMoc Include="musichttpurl.h">
      <Filter>Header Files</Filter>
    </QtMoc>
    <ClInclude Include="musicinformation.h">
      <Filter>Header Files</Filter>
    </ClInclude>
    <QtMoc Include="musicitem.h">
      <Filter>Header Files</Filter>
    </QtMoc>
    <QtMoc Include="MusicHandle\musiclyric.h">
      <Filter>Header Files</Filter>
    </QtMoc>
    <QtMoc Include="musicplayer.h">
      <Filter>Header Files</Filter>
    </QtMoc>
    <QtMoc Include="musicscene.h">
      <Filter>Header Files</Filter>
    </QtMoc>
    <QtMoc Include="MusicHandle\musicsearch.h">
      <Filter>Header Files</Filter>
    </QtMoc>
  </ItemGroup>
  <ItemGroup>
    <CustomBuild Include="debug\moc_predefs.h.cbt">
      <Filter>Generated Files</Filter>
    </CustomBuild>
    <CustomBuild Include="release\moc_predefs.h.cbt">
      <Filter>Generated Files</Filter>
    </CustomBuild>
  </ItemGroup>
  <ItemGroup>
    <QtUic Include="cloudmusicwindow.ui">
      <Filter>Form Files</Filter>
    </QtUic>
  </ItemGroup>
  <ItemGroup>
    <None Include="images\background.png">
      <Filter>Resource Files</Filter>
    </None>
    <None Include="images\collect-icon.png">
      <Filter>Resource Files</Filter>
    </None>
    <None Include="images\collect-text.png">
      <Filter>Resource Files</Filter>
    </None>
    <None Include="images\cycle-play.png">
      <Filter>Resource Files</Filter>
    </None>
    <None Include="images\default-music-list.png">
      <Filter>Resource Files</Filter>
    </None>
    <None Include="images\default.png">
      <Filter>Resource Files</Filter>
    </None>
    <None Include="images\disk-background.png">
      <Filter>Resource Files</Filter>
    </None>
    <None Include="images\disk.png">
      <Filter>Resource Files</Filter>
    </None>
    <None Include="images\download-ico.png">
      <Filter>Resource Files</Filter>
    </None>
    <None Include="images\download.png">
      <Filter>Resource Files</Filter>
    </None>
    <None Include="images\listen-icon.png">
      <Filter>Resource Files</Filter>
    </None>
    <None Include="images\listen-text.png">
      <Filter>Resource Files</Filter>
    </None>
    <None Include="images\magnetNeedle.png">
      <Filter>Resource Files</Filter>
    </None>
    <None Include="images\music-list.png">
      <Filter>Resource Files</Filter>
    </None>
    <None Include="images\pause.png">
      <Filter>Resource Files</Filter>
    </None>
    <None Include="images\play-next-press.png">
      <Filter>Resource Files</Filter>
    </None>
    <None Include="images\play-next.png">
      <Filter>Resource Files</Filter>
    </None>
    <None Include="images\play-pri-press.png">
      <Filter>Resource Files</Filter>
    </None>
    <None Include="images\play-pri.png">
      <Filter>Resource Files</Filter>
    </None>
    <None Include="images\play-text.png">
      <Filter>Resource Files</Filter>
    </None>
    <None Include="images\play.png">
      <Filter>Resource Files</Filter>
    </None>
    <QtRcc Include="resources.qrc">
      <Filter>Resource Files</Filter>
    </QtRcc>
    <None Include="images\seq-play.png">
      <Filter>Resource Files</Filter>
    </None>
    <None Include="images\slider-handle.png">
      <Filter>Resource Files</Filter>
    </None>
    <None Include="images\slider.png">
      <Filter>Resource Files</Filter>
    </None>
    <None Include="images\voice-icon.png">
      <Filter>Resource Files</Filter>
    </None>
    <None Include="images\voice.png">
      <Filter>Resource Files</Filter>
    </None>
  </ItemGroup>
</Project>